
Microsoft Visual Studio Solution File, Format Version 12.00
# Visual Studio Version 17
VisualStudioVersion = 17.2.32526.322
MinimumVisualStudioVersion = 10.0.40219.1
Project("{778DAE3C-4631-46EA-AA77-85C1314464D9}") = "DaLi.Utils.Core", "DaLi.Utils.Core\DaLi.Utils.Core.vbproj", "{758CB216-62B5-4CD6-9FB9-EC4D77BED9F7}"
EndProject
Project("{2150E333-8FDC-42A3-9474-1A3956D46DE8}") = ".Inc", ".Inc", "{1F121C64-30E3-4D65-B5E3-F1929E5C577F}"
	ProjectSection(SolutionItems) = preProject
		.editorconfig = .editorconfig
		DaLi.Utils.props = DaLi.Utils.props
	EndProjectSection
EndProject
Project("{9A19103F-16F7-4668-BE54-9A1E7A4F7556}") = "DaLi.Utils.Core.CSharp", "DaLi.Utils.Core.CSharp\DaLi.Utils.Core.CSharp.csproj", "{6FC68DED-23A4-478F-9361-09D397DCC9D6}"
EndProject
Project("{778DAE3C-4631-46EA-AA77-85C1314464D9}") = "DaLi.Utils.App", "DaLi.Utils.App\DaLi.Utils.App.vbproj", "{E3D2DE5C-81B4-41E3-84CB-CD1FC7E2F0E2}"
EndProject
Project("{778DAE3C-4631-46EA-AA77-85C1314464D9}") = "DaLi.Utils.App.Plugin", "DaLi.Utils.App.Plugin\DaLi.Utils.App.Plugin.vbproj", "{103E9C94-1407-41E5-8A0F-567DEB789606}"
EndProject
Project("{2150E333-8FDC-42A3-9474-1A3956D46DE8}") = "1. Core", "1. Core", "{618F679E-387D-4BE0-B2A5-366302AAD9C3}"
EndProject
Project("{778DAE3C-4631-46EA-AA77-85C1314464D9}") = "DaLi.Utils.App.Extend", "DaLi.Utils.App.Extend\DaLi.Utils.App.Extend.vbproj", "{466BA4C5-A340-44C4-8BC8-FDD68BD01D57}"
EndProject
Project("{778DAE3C-4631-46EA-AA77-85C1314464D9}") = "DaLi.Utils.App.Plugin.Extend", "DaLi.Utils.App.Plugin.Extend\DaLi.Utils.App.Plugin.Extend.vbproj", "{0472D00C-F9F1-4510-9FFF-B78F7295B860}"
EndProject
Project("{2150E333-8FDC-42A3-9474-1A3956D46DE8}") = "2.1. App", "2.1. App", "{8F0BFDCC-AA3F-40AD-B392-3C625E9C688B}"
EndProject
Project("{2150E333-8FDC-42A3-9474-1A3956D46DE8}") = "2.2. Extend", "2.2. Extend", "{AB2B8E39-EF3C-4656-92F0-0E3589D35BA9}"
EndProject
Project("{2150E333-8FDC-42A3-9474-1A3956D46DE8}") = "2. App", "2. App", "{FD5036CF-229D-4FBC-9987-8FFA5FAF12A3}"
EndProject
Project("{2150E333-8FDC-42A3-9474-1A3956D46DE8}") = "3. Plugin", "3. Plugin", "{BA45F9A1-BAA3-4E8E-809A-280FA0EDAE07}"
EndProject
Project("{778DAE3C-4631-46EA-AA77-85C1314464D9}") = "DaLi.Utils.App.Plugin.BlackList", "DaLi.Utils.App.Plugin.BlackList\DaLi.Utils.App.Plugin.BlackList.vbproj", "{230745D6-7C14-4B27-A5D7-AD42F4640859}"
EndProject
Project("{778DAE3C-4631-46EA-AA77-85C1314464D9}") = "DaLi.Utils.App.Plugin.Swashbuckle", "DaLi.Utils.App.Plugin.Swashbuckle\DaLi.Utils.App.Plugin.Swashbuckle.vbproj", "{44D2B427-474B-4244-9B5C-2256616FCA62}"
EndProject
Project("{778DAE3C-4631-46EA-AA77-85C1314464D9}") = "DaLi.Utils.Redis", "DaLi.Utils.Redis\DaLi.Utils.Redis.vbproj", "{D0D66CFF-3F7B-41A5-A20C-469E8D600D1D}"
EndProject
Project("{778DAE3C-4631-46EA-AA77-85C1314464D9}") = "DaLi.Utils.AI", "DaLi.Utils.AI\DaLi.Utils.AI.vbproj", "{08ACF583-2A25-40B1-9058-23B6B485310D}"
EndProject
Global
	GlobalSection(SolutionConfigurationPlatforms) = preSolution
		Debug|Any CPU = Debug|Any CPU
		Release|Any CPU = Release|Any CPU
	EndGlobalSection
	GlobalSection(ProjectConfigurationPlatforms) = postSolution
		{758CB216-62B5-4CD6-9FB9-EC4D77BED9F7}.Debug|Any CPU.ActiveCfg = Debug|Any CPU
		{758CB216-62B5-4CD6-9FB9-EC4D77BED9F7}.Debug|Any CPU.Build.0 = Debug|Any CPU
		{758CB216-62B5-4CD6-9FB9-EC4D77BED9F7}.Release|Any CPU.ActiveCfg = Release|Any CPU
		{758CB216-62B5-4CD6-9FB9-EC4D77BED9F7}.Release|Any CPU.Build.0 = Release|Any CPU
		{6FC68DED-23A4-478F-9361-09D397DCC9D6}.Debug|Any CPU.ActiveCfg = Debug|Any CPU
		{6FC68DED-23A4-478F-9361-09D397DCC9D6}.Debug|Any CPU.Build.0 = Debug|Any CPU
		{6FC68DED-23A4-478F-9361-09D397DCC9D6}.Release|Any CPU.ActiveCfg = Release|Any CPU
		{6FC68DED-23A4-478F-9361-09D397DCC9D6}.Release|Any CPU.Build.0 = Release|Any CPU
		{E3D2DE5C-81B4-41E3-84CB-CD1FC7E2F0E2}.Debug|Any CPU.ActiveCfg = Debug|Any CPU
		{E3D2DE5C-81B4-41E3-84CB-CD1FC7E2F0E2}.Debug|Any CPU.Build.0 = Debug|Any CPU
		{E3D2DE5C-81B4-41E3-84CB-CD1FC7E2F0E2}.Release|Any CPU.ActiveCfg = Release|Any CPU
		{E3D2DE5C-81B4-41E3-84CB-CD1FC7E2F0E2}.Release|Any CPU.Build.0 = Release|Any CPU
		{103E9C94-1407-41E5-8A0F-567DEB789606}.Debug|Any CPU.ActiveCfg = Debug|Any CPU
		{103E9C94-1407-41E5-8A0F-567DEB789606}.Debug|Any CPU.Build.0 = Debug|Any CPU
		{103E9C94-1407-41E5-8A0F-567DEB789606}.Release|Any CPU.ActiveCfg = Release|Any CPU
		{103E9C94-1407-41E5-8A0F-567DEB789606}.Release|Any CPU.Build.0 = Release|Any CPU
		{466BA4C5-A340-44C4-8BC8-FDD68BD01D57}.Debug|Any CPU.ActiveCfg = Debug|Any CPU
		{466BA4C5-A340-44C4-8BC8-FDD68BD01D57}.Debug|Any CPU.Build.0 = Debug|Any CPU
		{466BA4C5-A340-44C4-8BC8-FDD68BD01D57}.Release|Any CPU.ActiveCfg = Release|Any CPU
		{466BA4C5-A340-44C4-8BC8-FDD68BD01D57}.Release|Any CPU.Build.0 = Release|Any CPU
		{0472D00C-F9F1-4510-9FFF-B78F7295B860}.Debug|Any CPU.ActiveCfg = Debug|Any CPU
		{0472D00C-F9F1-4510-9FFF-B78F7295B860}.Debug|Any CPU.Build.0 = Debug|Any CPU
		{0472D00C-F9F1-4510-9FFF-B78F7295B860}.Release|Any CPU.ActiveCfg = Release|Any CPU
		{0472D00C-F9F1-4510-9FFF-B78F7295B860}.Release|Any CPU.Build.0 = Release|Any CPU
		{230745D6-7C14-4B27-A5D7-AD42F4640859}.Debug|Any CPU.ActiveCfg = Debug|Any CPU
		{230745D6-7C14-4B27-A5D7-AD42F4640859}.Debug|Any CPU.Build.0 = Debug|Any CPU
		{230745D6-7C14-4B27-A5D7-AD42F4640859}.Release|Any CPU.ActiveCfg = Release|Any CPU
		{230745D6-7C14-4B27-A5D7-AD42F4640859}.Release|Any CPU.Build.0 = Release|Any CPU
		{44D2B427-474B-4244-9B5C-2256616FCA62}.Debug|Any CPU.ActiveCfg = Debug|Any CPU
		{44D2B427-474B-4244-9B5C-2256616FCA62}.Debug|Any CPU.Build.0 = Debug|Any CPU
		{44D2B427-474B-4244-9B5C-2256616FCA62}.Release|Any CPU.ActiveCfg = Release|Any CPU
		{44D2B427-474B-4244-9B5C-2256616FCA62}.Release|Any CPU.Build.0 = Release|Any CPU
		{D0D66CFF-3F7B-41A5-A20C-469E8D600D1D}.Debug|Any CPU.ActiveCfg = Debug|Any CPU
		{D0D66CFF-3F7B-41A5-A20C-469E8D600D1D}.Debug|Any CPU.Build.0 = Debug|Any CPU
		{D0D66CFF-3F7B-41A5-A20C-469E8D600D1D}.Release|Any CPU.ActiveCfg = Release|Any CPU
		{D0D66CFF-3F7B-41A5-A20C-469E8D600D1D}.Release|Any CPU.Build.0 = Release|Any CPU
		{08ACF583-2A25-40B1-9058-23B6B485310D}.Debug|Any CPU.ActiveCfg = Debug|Any CPU
		{08ACF583-2A25-40B1-9058-23B6B485310D}.Debug|Any CPU.Build.0 = Debug|Any CPU
		{08ACF583-2A25-40B1-9058-23B6B485310D}.Release|Any CPU.ActiveCfg = Release|Any CPU
		{08ACF583-2A25-40B1-9058-23B6B485310D}.Release|Any CPU.Build.0 = Release|Any CPU
	EndGlobalSection
	GlobalSection(SolutionProperties) = preSolution
		HideSolutionNode = FALSE
	EndGlobalSection
	GlobalSection(NestedProjects) = preSolution
		{758CB216-62B5-4CD6-9FB9-EC4D77BED9F7} = {618F679E-387D-4BE0-B2A5-366302AAD9C3}
		{6FC68DED-23A4-478F-9361-09D397DCC9D6} = {618F679E-387D-4BE0-B2A5-366302AAD9C3}
		{E3D2DE5C-81B4-41E3-84CB-CD1FC7E2F0E2} = {8F0BFDCC-AA3F-40AD-B392-3C625E9C688B}
		{103E9C94-1407-41E5-8A0F-567DEB789606} = {8F0BFDCC-AA3F-40AD-B392-3C625E9C688B}
		{466BA4C5-A340-44C4-8BC8-FDD68BD01D57} = {AB2B8E39-EF3C-4656-92F0-0E3589D35BA9}
		{0472D00C-F9F1-4510-9FFF-B78F7295B860} = {AB2B8E39-EF3C-4656-92F0-0E3589D35BA9}
		{8F0BFDCC-AA3F-40AD-B392-3C625E9C688B} = {FD5036CF-229D-4FBC-9987-8FFA5FAF12A3}
		{AB2B8E39-EF3C-4656-92F0-0E3589D35BA9} = {FD5036CF-229D-4FBC-9987-8FFA5FAF12A3}
		{230745D6-7C14-4B27-A5D7-AD42F4640859} = {BA45F9A1-BAA3-4E8E-809A-280FA0EDAE07}
		{44D2B427-474B-4244-9B5C-2256616FCA62} = {BA45F9A1-BAA3-4E8E-809A-280FA0EDAE07}
		{D0D66CFF-3F7B-41A5-A20C-469E8D600D1D} = {618F679E-387D-4BE0-B2A5-366302AAD9C3}
		{08ACF583-2A25-40B1-9058-23B6B485310D} = {618F679E-387D-4BE0-B2A5-366302AAD9C3}
	EndGlobalSection
	GlobalSection(ExtensibilityGlobals) = postSolution
		SolutionGuid = {C41280E8-A0F4-4D4D-8DD0-47D6C52CF9E2}
		VisualSVNWorkingCopyRoot = .
	EndGlobalSection
EndGlobal
